
Microsoft Visual Studio Solution File, Format Version 12.00
# Visual Studio Version 17
VisualStudioVersion = 17.9.34728.123
MinimumVisualStudioVersion = 10.0.40219.1
Project("{FAE04EC0-301F-11D3-BF4B-00C04F79EFBC}") = "First_game", "First_game.csproj", "{C602C6B2-B720-4359-A754-B2780954808E}"
EndProject
Global
	GlobalSection(SolutionConfigurationPlatforms) = preSolution
		Debug|Any CPU = Debug|Any CPU
		Release|Any CPU = Release|Any CPU
	EndGlobalSection
	GlobalSection(ProjectConfigurationPlatforms) = postSolution
		{C602C6B2-B720-4359-A754-B2780954808E}.Debug|Any CPU.ActiveCfg = Debug|Any CPU
		{C602C6B2-B720-4359-A754-B2780954808E}.Debug|Any CPU.Build.0 = Debug|Any CPU
		{C602C6B2-B720-4359-A754-B2780954808E}.Release|Any CPU.ActiveCfg = Release|Any CPU
		{C602C6B2-B720-4359-A754-B2780954808E}.Release|Any CPU.Build.0 = Release|Any CPU
	EndGlobalSection
	GlobalSection(SolutionProperties) = preSolution
		HideSolutionNode = FALSE
	EndGlobalSection
	GlobalSection(ExtensibilityGlobals) = postSolution
		SolutionGuid = {52B28779-6A3E-4E0C-806D-872DB44DA3AD}
	EndGlobalSection
EndGlobal
